
Microsoft Visual Studio Solution File, Format Version 12.00
# Visual Studio 14
VisualStudioVersion = 14.0.25123.0
MinimumVisualStudioVersion = 10.0.40219.1
Project("{FAE04EC0-301F-11D3-BF4B-00C04F79EFBC}") = "GSP3SL", "GSP3SL\GSP3SL.csproj", "{3EB22774-E992-4E43-BABC-7483E1EB612A}"
EndProject
Project("{FAE04EC0-301F-11D3-BF4B-00C04F79EFBC}") = "GSP3SL.Web", "GSP3SL.Web\GSP3SL.Web.csproj", "{2B69C37D-42C1-4D58-A32F-A7B71C590E55}"
EndProject
Global
	GlobalSection(SolutionConfigurationPlatforms) = preSolution
		Debug|Any CPU = Debug|Any CPU
		Release|Any CPU = Release|Any CPU
	EndGlobalSection
	GlobalSection(ProjectConfigurationPlatforms) = postSolution
		{3EB22774-E992-4E43-BABC-7483E1EB612A}.Debug|Any CPU.ActiveCfg = Debug|Any CPU
		{3EB22774-E992-4E43-BABC-7483E1EB612A}.Debug|Any CPU.Build.0 = Debug|Any CPU
		{3EB22774-E992-4E43-BABC-7483E1EB612A}.Release|Any CPU.ActiveCfg = Release|Any CPU
		{3EB22774-E992-4E43-BABC-7483E1EB612A}.Release|Any CPU.Build.0 = Release|Any CPU
		{2B69C37D-42C1-4D58-A32F-A7B71C590E55}.Debug|Any CPU.ActiveCfg = Debug|Any CPU
		{2B69C37D-42C1-4D58-A32F-A7B71C590E55}.Debug|Any CPU.Build.0 = Debug|Any CPU
		{2B69C37D-42C1-4D58-A32F-A7B71C590E55}.Release|Any CPU.ActiveCfg = Release|Any CPU
		{2B69C37D-42C1-4D58-A32F-A7B71C590E55}.Release|Any CPU.Build.0 = Release|Any CPU
	EndGlobalSection
	GlobalSection(SolutionProperties) = preSolution
		HideSolutionNode = FALSE
	EndGlobalSection
EndGlobal
